
Microsoft Visual Studio Solution File, Format Version 12.00
# Visual Studio Version 17
VisualStudioVersion = 17.5.33516.290
MinimumVisualStudioVersion = 10.0.40219.1
Project("{9A19103F-16F7-4668-BE54-9A1E7A4F7556}") = "App", "App\App.csproj", "{A1C538FF-213A-421F-88EE-F738FBF8BDF0}"
EndProject
Project("{9A19103F-16F7-4668-BE54-9A1E7A4F7556}") = "DomainLayer", "DomainLayer\DomainLayer.csproj", "{DF89C587-B1F2-47FF-AFEE-68372676BB3E}"
EndProject
Project("{FAE04EC0-301F-11D3-BF4B-00C04F79EFBC}") = "RepositoryLayer", "RepositoryLayer\RepositoryLayer.csproj", "{6E2BE3A0-5F82-4674-9056-0571372C82FA}"
EndProject
Global
	GlobalSection(SolutionConfigurationPlatforms) = preSolution
		Debug|Any CPU = Debug|Any CPU
		Release|Any CPU = Release|Any CPU
	EndGlobalSection
	GlobalSection(ProjectConfigurationPlatforms) = postSolution
		{A1C538FF-213A-421F-88EE-F738FBF8BDF0}.Debug|Any CPU.ActiveCfg = Debug|Any CPU
		{A1C538FF-213A-421F-88EE-F738FBF8BDF0}.Debug|Any CPU.Build.0 = Debug|Any CPU
		{A1C538FF-213A-421F-88EE-F738FBF8BDF0}.Release|Any CPU.ActiveCfg = Release|Any CPU
		{A1C538FF-213A-421F-88EE-F738FBF8BDF0}.Release|Any CPU.Build.0 = Release|Any CPU
		{DF89C587-B1F2-47FF-AFEE-68372676BB3E}.Debug|Any CPU.ActiveCfg = Debug|Any CPU
		{DF89C587-B1F2-47FF-AFEE-68372676BB3E}.Debug|Any CPU.Build.0 = Debug|Any CPU
		{DF89C587-B1F2-47FF-AFEE-68372676BB3E}.Release|Any CPU.ActiveCfg = Release|Any CPU
		{DF89C587-B1F2-47FF-AFEE-68372676BB3E}.Release|Any CPU.Build.0 = Release|Any CPU
		{6E2BE3A0-5F82-4674-9056-0571372C82FA}.Debug|Any CPU.ActiveCfg = Debug|Any CPU
		{6E2BE3A0-5F82-4674-9056-0571372C82FA}.Debug|Any CPU.Build.0 = Debug|Any CPU
		{6E2BE3A0-5F82-4674-9056-0571372C82FA}.Release|Any CPU.ActiveCfg = Release|Any CPU
		{6E2BE3A0-5F82-4674-9056-0571372C82FA}.Release|Any CPU.Build.0 = Release|Any CPU
	EndGlobalSection
	GlobalSection(SolutionProperties) = preSolution
		HideSolutionNode = FALSE
	EndGlobalSection
	GlobalSection(ExtensibilityGlobals) = postSolution
		SolutionGuid = {6E3DCD97-081E-402C-BAFC-A54E3001EC51}
	EndGlobalSection
EndGlobal
